
Microsoft Visual Studio Solution File, Format Version 12.00
# Visual Studio 15
Project("{FAE04EC0-301F-11D3-BF4B-00C04F79EFBC}") = "ToyLanguage", "ToyLanguage\ToyLanguage.csproj", "{CB5B1650-1BD2-4E9B-998C-9E9EE780FC21}"
EndProject
Global
	GlobalSection(SolutionConfigurationPlatforms) = preSolution
		Debug|x86 = Debug|x86
		Release|x86 = Release|x86
	EndGlobalSection
	GlobalSection(ProjectConfigurationPlatforms) = postSolution
		{CB5B1650-1BD2-4E9B-998C-9E9EE780FC21}.Debug|x86.ActiveCfg = Debug|x86
		{CB5B1650-1BD2-4E9B-998C-9E9EE780FC21}.Debug|x86.Build.0 = Debug|x86
		{CB5B1650-1BD2-4E9B-998C-9E9EE780FC21}.Release|x86.ActiveCfg = Release|x86
		{CB5B1650-1BD2-4E9B-998C-9E9EE780FC21}.Release|x86.Build.0 = Release|x86
	EndGlobalSection
EndGlobal
